
Microsoft Visual Studio Solution File, Format Version 12.00
# Visual Studio Version 17
VisualStudioVersion = 17.14.36301.6 d17.14
MinimumVisualStudioVersion = 10.0.40219.1
Project("{FAE04EC0-301F-11D3-BF4B-00C04F79EFBC}") = "Day2_C#_Homework", "Day2_C#_Homework\Day2_C#_Homework.csproj", "{7EBF9AA6-41E4-4BD9-AE5D-F1B61E4F4A69}"
EndProject
Global
	GlobalSection(SolutionConfigurationPlatforms) = preSolution
		Debug|Any CPU = Debug|Any CPU
		Release|Any CPU = Release|Any CPU
	EndGlobalSection
	GlobalSection(ProjectConfigurationPlatforms) = postSolution
		{7EBF9AA6-41E4-4BD9-AE5D-F1B61E4F4A69}.Debug|Any CPU.ActiveCfg = Debug|Any CPU
		{7EBF9AA6-41E4-4BD9-AE5D-F1B61E4F4A69}.Debug|Any CPU.Build.0 = Debug|Any CPU
		{7EBF9AA6-41E4-4BD9-AE5D-F1B61E4F4A69}.Release|Any CPU.ActiveCfg = Release|Any CPU
		{7EBF9AA6-41E4-4BD9-AE5D-F1B61E4F4A69}.Release|Any CPU.Build.0 = Release|Any CPU
	EndGlobalSection
	GlobalSection(SolutionProperties) = preSolution
		HideSolutionNode = FALSE
	EndGlobalSection
	GlobalSection(ExtensibilityGlobals) = postSolution
		SolutionGuid = {6511DF6A-A451-413C-9CE0-6AAA3DCF07F3}
	EndGlobalSection
EndGlobal
